
Microsoft Visual Studio Solution File, Format Version 12.00
# Visual Studio Version 16
VisualStudioVersion = 16.0.30114.105
MinimumVisualStudioVersion = 10.0.40219.1
Project("{9A19103F-16F7-4668-BE54-9A1E7A4F7556}") = "NewsLetter.Infrastructure.Api", "NewsLetterRedo\NewsLetter.Infrastructure.Api.csproj", "{71B0E1A3-6DB2-4F01-9945-2EED67795E5C}"
EndProject
Project("{2150E333-8FDC-42A3-9474-1A3956D46DE8}") = "1 Infrastructure", "1 Infrastructure", "{DC9C3FC9-6237-43AD-8503-3D75514E5C61}"
EndProject
Project("{2150E333-8FDC-42A3-9474-1A3956D46DE8}") = "2 Core", "2 Core", "{E87E78EC-6878-4E04-A69C-7D53A110EDAA}"
EndProject
Project("{2150E333-8FDC-42A3-9474-1A3956D46DE8}") = "3 Tests", "3 Tests", "{6CD49770-EC8D-4655-AB87-C6B41401F5CB}"
EndProject
Project("{9A19103F-16F7-4668-BE54-9A1E7A4F7556}") = "NewsLetter.Core", "NewsLetter.Core\NewsLetter.Core.csproj", "{351F95AA-C243-473F-A000-444833FAEEA8}"
EndProject
Project("{9A19103F-16F7-4668-BE54-9A1E7A4F7556}") = "NewsLetter.Infrastructure.DataAcsess", "NewsLetter.Infrastructure.DataAcsess\NewsLetter.Infrastructure.DataAcsess.csproj", "{1C2F0591-5FEB-4FDD-8B98-F4FA85CC9229}"
EndProject
Project("{9A19103F-16F7-4668-BE54-9A1E7A4F7556}") = "NewsLetter.Test.UnitTest", "NewsLetter.Test.UnitTest\NewsLetter.Test.UnitTest.csproj", "{CE5406E1-4E48-404A-A888-5702EF7778EB}"
EndProject
Global
	GlobalSection(SolutionConfigurationPlatforms) = preSolution
		Debug|Any CPU = Debug|Any CPU
		Release|Any CPU = Release|Any CPU
	EndGlobalSection
	GlobalSection(ProjectConfigurationPlatforms) = postSolution
		{71B0E1A3-6DB2-4F01-9945-2EED67795E5C}.Debug|Any CPU.ActiveCfg = Debug|Any CPU
		{71B0E1A3-6DB2-4F01-9945-2EED67795E5C}.Debug|Any CPU.Build.0 = Debug|Any CPU
		{71B0E1A3-6DB2-4F01-9945-2EED67795E5C}.Release|Any CPU.ActiveCfg = Release|Any CPU
		{71B0E1A3-6DB2-4F01-9945-2EED67795E5C}.Release|Any CPU.Build.0 = Release|Any CPU
		{351F95AA-C243-473F-A000-444833FAEEA8}.Debug|Any CPU.ActiveCfg = Debug|Any CPU
		{351F95AA-C243-473F-A000-444833FAEEA8}.Debug|Any CPU.Build.0 = Debug|Any CPU
		{351F95AA-C243-473F-A000-444833FAEEA8}.Release|Any CPU.ActiveCfg = Release|Any CPU
		{351F95AA-C243-473F-A000-444833FAEEA8}.Release|Any CPU.Build.0 = Release|Any CPU
		{1C2F0591-5FEB-4FDD-8B98-F4FA85CC9229}.Debug|Any CPU.ActiveCfg = Debug|Any CPU
		{1C2F0591-5FEB-4FDD-8B98-F4FA85CC9229}.Debug|Any CPU.Build.0 = Debug|Any CPU
		{1C2F0591-5FEB-4FDD-8B98-F4FA85CC9229}.Release|Any CPU.ActiveCfg = Release|Any CPU
		{1C2F0591-5FEB-4FDD-8B98-F4FA85CC9229}.Release|Any CPU.Build.0 = Release|Any CPU
		{CE5406E1-4E48-404A-A888-5702EF7778EB}.Debug|Any CPU.ActiveCfg = Debug|Any CPU
		{CE5406E1-4E48-404A-A888-5702EF7778EB}.Debug|Any CPU.Build.0 = Debug|Any CPU
		{CE5406E1-4E48-404A-A888-5702EF7778EB}.Release|Any CPU.ActiveCfg = Release|Any CPU
		{CE5406E1-4E48-404A-A888-5702EF7778EB}.Release|Any CPU.Build.0 = Release|Any CPU
	EndGlobalSection
	GlobalSection(SolutionProperties) = preSolution
		HideSolutionNode = FALSE
	EndGlobalSection
	GlobalSection(NestedProjects) = preSolution
		{71B0E1A3-6DB2-4F01-9945-2EED67795E5C} = {DC9C3FC9-6237-43AD-8503-3D75514E5C61}
		{351F95AA-C243-473F-A000-444833FAEEA8} = {E87E78EC-6878-4E04-A69C-7D53A110EDAA}
		{1C2F0591-5FEB-4FDD-8B98-F4FA85CC9229} = {DC9C3FC9-6237-43AD-8503-3D75514E5C61}
		{CE5406E1-4E48-404A-A888-5702EF7778EB} = {6CD49770-EC8D-4655-AB87-C6B41401F5CB}
	EndGlobalSection
	GlobalSection(ExtensibilityGlobals) = postSolution
		SolutionGuid = {98FBE5D0-C274-4571-9D4E-AD363099906D}
	EndGlobalSection
EndGlobal
